
Microsoft Visual Studio Solution File, Format Version 10.00
# Visual Studio 2008
Project("{8BC9CEB8-8B4A-11D0-8D11-00A0C91BC942}") = "luaread", "luasrc/luaread.vcproj", "{F40D889A-6657-4F3C-8FF3-C4D81F038909}"
EndProject
Global
	GlobalSection(SolutionConfigurationPlatforms) = preSolution
		Debug|Win32 = Debug|Win32
		Release|Win32 = Release|Win32
	EndGlobalSection
	GlobalSection(ProjectConfigurationPlatforms) = postSolution
		{F40D889A-6657-4F3C-8FF3-C4D81F038909}.Debug|Win32.ActiveCfg = Debug|Win32
		{F40D889A-6657-4F3C-8FF3-C4D81F038909}.Debug|Win32.Build.0 = Debug|Win32
		{F40D889A-6657-4F3C-8FF3-C4D81F038909}.Release|Win32.ActiveCfg = Release|Win32
		{F40D889A-6657-4F3C-8FF3-C4D81F038909}.Release|Win32.Build.0 = Release|Win32
	EndGlobalSection
	GlobalSection(SolutionProperties) = preSolution
		HideSolutionNode = FALSE
	EndGlobalSection
EndGlobal
